schema: '2.0'
stages:
  prepare:
    cmd: python src/preprocessing.py
    deps:
    - path: data/pcos/train.csv
      hash: md5
      md5: 5ebcdc79f18091feca99fe79aa9b8135
      size: 24329
    - path: src/preprocessing.py
      hash: md5
      md5: e2ef0145a84b70dceef062ef622419ee
      size: 3412
    outs:
    - path: data/pcos/preprocessed_train.csv
      hash: md5
      md5: 4fe4ac42419d85b01b9312e4846ad957
      size: 20061
